// !$*UTF8*$!
{
	archiveVersion = 1;
	classes = {
	};
	objectVersion = 55;
	objects = {

/* Begin PBXBuildFile section */
		350CA8002918424500B07608 /* main.c in Sources */ = {isa = PBXBuildFile; fileRef = 350CA7FF2918424500B07608 /* main.c */; };
		350CA8092918455600B07608 /* bytecode.c in Sources */ = {isa = PBXBuildFile; fileRef = 350CA8082918455500B07608 /* bytecode.c */; };
		350CA80C2918465300B07608 /* memory.c in Sources */ = {isa = PBXBuildFile; fileRef = 350CA80B2918465300B07608 /* memory.c */; };
		350CA80F29195CD500B07608 /* debug.c in Sources */ = {isa = PBXBuildFile; fileRef = 350CA80E29195CD500B07608 /* debug.c */; };
		350CA8162919605500B07608 /* value.c in Sources */ = {isa = PBXBuildFile; fileRef = 350CA8152919605500B07608 /* value.c */; };
		350CA81A291B0BDE00B07608 /* VirtualMachine.c in Sources */ = {isa = PBXBuildFile; fileRef = 350CA819291B0BDD00B07608 /* VirtualMachine.c */; };
/* End PBXBuildFile section */

/* Begin PBXCopyFilesBuildPhase section */
		350CA7FA2918424400B07608 /* CopyFiles */ = {
			isa = PBXCopyFilesBuildPhase;
			buildActionMask = 2147483647;
			dstPath = /usr/share/man/man1/;
			dstSubfolderSpec = 0;
			files = (
			);
			runOnlyForDeploymentPostprocessing = 1;
		};
/* End PBXCopyFilesBuildPhase section */

/* Begin PBXFileReference section */
		350CA7FC2918424400B07608 /* slang */ = {isa = PBXFileReference; explicitFileType = "compiled.mach-o.executable"; includeInIndex = 0; path = slang; sourceTree = BUILT_PRODUCTS_DIR; };
		350CA7FF2918424500B07608 /* main.c */ = {isa = PBXFileReference; lastKnownFileType = sourcecode.c.c; path = main.c; sourceTree = "<group>"; };
		350CA806291842FA00B07608 /* common.h */ = {isa = PBXFileReference; lastKnownFileType = sourcecode.c.h; path = common.h; sourceTree = "<group>"; };
		350CA8072918436600B07608 /* bytecode.h */ = {isa = PBXFileReference; lastKnownFileType = sourcecode.c.h; path = bytecode.h; sourceTree = "<group>"; };
		350CA8082918455500B07608 /* bytecode.c */ = {isa = PBXFileReference; lastKnownFileType = sourcecode.c.c; path = bytecode.c; sourceTree = "<group>"; };
		350CA80A2918465300B07608 /* memory.h */ = {isa = PBXFileReference; lastKnownFileType = sourcecode.c.h; path = memory.h; sourceTree = "<group>"; };
		350CA80B2918465300B07608 /* memory.c */ = {isa = PBXFileReference; lastKnownFileType = sourcecode.c.c; path = memory.c; sourceTree = "<group>"; };
		350CA80D29195CD500B07608 /* debug.h */ = {isa = PBXFileReference; lastKnownFileType = sourcecode.c.h; path = debug.h; sourceTree = "<group>"; };
		350CA80E29195CD500B07608 /* debug.c */ = {isa = PBXFileReference; lastKnownFileType = sourcecode.c.c; path = debug.c; sourceTree = "<group>"; };
		350CA8142919605500B07608 /* value.h */ = {isa = PBXFileReference; lastKnownFileType = sourcecode.c.h; path = value.h; sourceTree = "<group>"; };
		350CA8152919605500B07608 /* value.c */ = {isa = PBXFileReference; lastKnownFileType = sourcecode.c.c; path = value.c; sourceTree = "<group>"; };
		350CA818291B0BDD00B07608 /* VirtualMachine.h */ = {isa = PBXFileReference; lastKnownFileType = sourcecode.c.h; path = VirtualMachine.h; sourceTree = "<group>"; };
		350CA819291B0BDD00B07608 /* VirtualMachine.c */ = {isa = PBXFileReference; lastKnownFileType = sourcecode.c.c; path = VirtualMachine.c; sourceTree = "<group>"; };
/* End PBXFileReference section */

/* Begin PBXFrameworksBuildPhase section */
		350CA7F92918424400B07608 /* Frameworks */ = {
			isa = PBXFrameworksBuildPhase;
			buildActionMask = 2147483647;
			files = (
			);
			runOnlyForDeploymentPostprocessing = 0;
		};
/* End PBXFrameworksBuildPhase section */

/* Begin PBXGroup section */
		350CA7F32918424400B07608 = {
			isa = PBXGroup;
			children = (
				350CA81B291B0BE700B07608 /* Virtual_Machine */,
				350CA7FE2918424400B07608 /* slang */,
				350CA7FD2918424400B07608 /* Products */,
			);
			sourceTree = "<group>";
		};
		350CA7FD2918424400B07608 /* Products */ = {
			isa = PBXGroup;
			children = (
				350CA7FC2918424400B07608 /* slang */,
			);
			name = Products;
			sourceTree = "<group>";
		};
		350CA7FE2918424400B07608 /* slang */ = {
			isa = PBXGroup;
			children = (
				350CA7FF2918424500B07608 /* main.c */,
				350CA8172919605E00B07608 /* Literals */,
				350CA81129195FC200B07608 /* Debugger */,
				350CA806291842FA00B07608 /* common.h */,
				350CA8122919600400B07608 /* Bytecode */,
				350CA8132919602000B07608 /* Memory */,
			);
			path = slang;
			sourceTree = "<group>";
		};
		350CA81129195FC200B07608 /* Debugger */ = {
			isa = PBXGroup;
			children = (
				350CA80D29195CD500B07608 /* debug.h */,
				350CA80E29195CD500B07608 /* debug.c */,
			);
			path = Debugger;
			sourceTree = "<group>";
		};
		350CA8122919600400B07608 /* Bytecode */ = {
			isa = PBXGroup;
			children = (
				350CA8072918436600B07608 /* bytecode.h */,
				350CA8082918455500B07608 /* bytecode.c */,
			);
			path = Bytecode;
			sourceTree = "<group>";
		};
		350CA8132919602000B07608 /* Memory */ = {
			isa = PBXGroup;
			children = (
				350CA80A2918465300B07608 /* memory.h */,
				350CA80B2918465300B07608 /* memory.c */,
			);
			path = Memory;
			sourceTree = "<group>";
		};
		350CA8172919605E00B07608 /* Literals */ = {
			isa = PBXGroup;
			children = (
				350CA8142919605500B07608 /* value.h */,
				350CA8152919605500B07608 /* value.c */,
			);
			path = Literals;
			sourceTree = "<group>";
		};
		350CA81B291B0BE700B07608 /* Virtual_Machine */ = {
			isa = PBXGroup;
			children = (
				350CA818291B0BDD00B07608 /* VirtualMachine.h */,
				350CA819291B0BDD00B07608 /* VirtualMachine.c */,
			);
			path = Virtual_Machine;
			sourceTree = "<group>";
		};
/* End PBXGroup section */

/* Begin PBXNativeTarget section */
		350CA7FB2918424400B07608 /* slang */ = {
			isa = PBXNativeTarget;
			buildConfigurationList = 350CA8032918424500B07608 /* Build configuration list for PBXNativeTarget "slang" */;
			buildPhases = (
				350CA7F82918424400B07608 /* Sources */,
				350CA7F92918424400B07608 /* Frameworks */,
				350CA7FA2918424400B07608 /* CopyFiles */,
			);
			buildRules = (
			);
			dependencies = (
			);
			name = slang;
			productName = slang;
			productReference = 350CA7FC2918424400B07608 /* slang */;
			productType = "com.apple.product-type.tool";
		};
/* End PBXNativeTarget section */

/* Begin PBXProject section */
		350CA7F42918424400B07608 /* Project object */ = {
			isa = PBXProject;
			attributes = {
				BuildIndependentTargetsInParallel = 1;
				LastUpgradeCheck = 1320;
				TargetAttributes = {
					350CA7FB2918424400B07608 = {
						CreatedOnToolsVersion = 13.2.1;
					};
				};
			};
			buildConfigurationList = 350CA7F72918424400B07608 /* Build configuration list for PBXProject "slang" */;
			compatibilityVersion = "Xcode 13.0";
			developmentRegion = en;
			hasScannedForEncodings = 0;
			knownRegions = (
				en,
				Base,
			);
			mainGroup = 350CA7F32918424400B07608;
			productRefGroup = 350CA7FD2918424400B07608 /* Products */;
			projectDirPath = "";
			projectRoot = "";
			targets = (
				350CA7FB2918424400B07608 /* slang */,
			);
		};
/* End PBXProject section */

/* Begin PBXSourcesBuildPhase section */
		350CA7F82918424400B07608 /* Sources */ = {
			isa = PBXSourcesBuildPhase;
			buildActionMask = 2147483647;
			files = (
				350CA8162919605500B07608 /* value.c in Sources */,
				350CA81A291B0BDE00B07608 /* VirtualMachine.c in Sources */,
				350CA8092918455600B07608 /* bytecode.c in Sources */,
				350CA80C2918465300B07608 /* memory.c in Sources */,
				350CA8002918424500B07608 /* main.c in Sources */,
				350CA80F29195CD500B07608 /* debug.c in Sources */,
			);
			runOnlyForDeploymentPostprocessing = 0;
		};
/* End PBXSourcesBuildPhase section */

/* Begin XCBuildConfiguration section */
		350CA8012918424500B07608 /* Debug */ = {
			isa = XCBuildConfiguration;
			buildSettings = {
				ALWAYS_SEARCH_USER_PATHS = NO;
				CLANG_ANALYZER_NONNULL = YES;
				CLANG_ANALYZER_NUMBER_OBJECT_CONVERSION = YES_AGGRESSIVE;
				CLANG_CXX_LANGUAGE_STANDARD = "gnu++17";
				CLANG_CXX_LIBRARY = "libc++";
				CLANG_ENABLE_MODULES = YES;
				CLANG_ENABLE_OBJC_ARC = YES;
				CLANG_ENABLE_OBJC_WEAK = YES;
				CLANG_WARN_BLOCK_CAPTURE_AUTORELEASING = YES;
				CLANG_WARN_BOOL_CONVERSION = YES;
				CLANG_WARN_COMMA = YES;
				CLANG_WARN_CONSTANT_CONVERSION = YES;
				CLANG_WARN_DEPRECATED_OBJC_IMPLEMENTATIONS = YES;
				CLANG_WARN_DIRECT_OBJC_ISA_USAGE = YES_ERROR;
				CLANG_WARN_DOCUMENTATION_COMMENTS = YES;
				CLANG_WARN_EMPTY_BODY = YES;
				CLANG_WARN_ENUM_CONVERSION = YES;
				CLANG_WARN_INFINITE_RECURSION = YES;
				CLANG_WARN_INT_CONVERSION = YES;
				CLANG_WARN_NON_LITERAL_NULL_CONVERSION = YES;
				CLANG_WARN_OBJC_IMPLICIT_RETAIN_SELF = YES;
				CLANG_WARN_OBJC_LITERAL_CONVERSION = YES;
				CLANG_WARN_OBJC_ROOT_CLASS = YES_ERROR;
				CLANG_WARN_QUOTED_INCLUDE_IN_FRAMEWORK_HEADER = YES;
				CLANG_WARN_RANGE_LOOP_ANALYSIS = YES;
				CLANG_WARN_STRICT_PROTOTYPES = YES;
				CLANG_WARN_SUSPICIOUS_MOVE = YES;
				CLANG_WARN_UNGUARDED_AVAILABILITY = YES_AGGRESSIVE;
				CLANG_WARN_UNREACHABLE_CODE = YES;
				CLANG_WARN__DUPLICATE_METHOD_MATCH = YES;
				COPY_PHASE_STRIP = NO;
				DEBUG_INFORMATION_FORMAT = dwarf;
				ENABLE_STRICT_OBJC_MSGSEND = YES;
				ENABLE_TESTABILITY = YES;
				GCC_C_LANGUAGE_STANDARD = gnu11;
				GCC_DYNAMIC_NO_PIC = NO;
				GCC_NO_COMMON_BLOCKS = YES;
				GCC_OPTIMIZATION_LEVEL = 0;
				GCC_PREPROCESSOR_DEFINITIONS = (
					"DEBUG=1",
					"$(inherited)",
				);
				GCC_WARN_64_TO_32_BIT_CONVERSION = YES;
				GCC_WARN_ABOUT_RETURN_TYPE = YES_ERROR;
				GCC_WARN_UNDECLARED_SELECTOR = YES;
				GCC_WARN_UNINITIALIZED_AUTOS = YES_AGGRESSIVE;
				GCC_WARN_UNUSED_FUNCTION = YES;
				GCC_WARN_UNUSED_VARIABLE = YES;
				MACOSX_DEPLOYMENT_TARGET = 12.1;
				MTL_ENABLE_DEBUG_INFO = INCLUDE_SOURCE;
				MTL_FAST_MATH = YES;
				ONLY_ACTIVE_ARCH = YES;
				SDKROOT = macosx;
			};
			name = Debug;
		};
		350CA8022918424500B07608 /* Release */ = {
			isa = XCBuildConfiguration;
			buildSettings = {
				ALWAYS_SEARCH_USER_PATHS = NO;
				CLANG_ANALYZER_NONNULL = YES;
				CLANG_ANALYZER_NUMBER_OBJECT_CONVERSION = YES_AGGRESSIVE;
				CLANG_CXX_LANGUAGE_STANDARD = "gnu++17";
				CLANG_CXX_LIBRARY = "libc++";
				CLANG_ENABLE_MODULES = YES;
				CLANG_ENABLE_OBJC_ARC = YES;
				CLANG_ENABLE_OBJC_WEAK = YES;
				CLANG_WARN_BLOCK_CAPTURE_AUTORELEASING = YES;
				CLANG_WARN_BOOL_CONVERSION = YES;
				CLANG_WARN_COMMA = YES;
				CLANG_WARN_CONSTANT_CONVERSION = YES;
				CLANG_WARN_DEPRECATED_OBJC_IMPLEMENTATIONS = YES;
				CLANG_WARN_DIRECT_OBJC_ISA_USAGE = YES_ERROR;
				CLANG_WARN_DOCUMENTATION_COMMENTS = YES;
				CLANG_WARN_EMPTY_BODY = YES;
				CLANG_WARN_ENUM_CONVERSION = YES;
				CLANG_WARN_INFINITE_RECURSION = YES;
				CLANG_WARN_INT_CONVERSION = YES;
				CLANG_WARN_NON_LITERAL_NULL_CONVERSION = YES;
				CLANG_WARN_OBJC_IMPLICIT_RETAIN_SELF = YES;
				CLANG_WARN_OBJC_LITERAL_CONVERSION = YES;
				CLANG_WARN_OBJC_ROOT_CLASS = YES_ERROR;
				CLANG_WARN_QUOTED_INCLUDE_IN_FRAMEWORK_HEADER = YES;
				CLANG_WARN_RANGE_LOOP_ANALYSIS = YES;
				CLANG_WARN_STRICT_PROTOTYPES = YES;
				CLANG_WARN_SUSPICIOUS_MOVE = YES;
				CLANG_WARN_UNGUARDED_AVAILABILITY = YES_AGGRESSIVE;
				CLANG_WARN_UNREACHABLE_CODE = YES;
				CLANG_WARN__DUPLICATE_METHOD_MATCH = YES;
				COPY_PHASE_STRIP = NO;
				DEBUG_INFORMATION_FORMAT = "dwarf-with-dsym";
				ENABLE_NS_ASSERTIONS = NO;
				ENABLE_STRICT_OBJC_MSGSEND = YES;
				GCC_C_LANGUAGE_STANDARD = gnu11;
				GCC_NO_COMMON_BLOCKS = YES;
				GCC_WARN_64_TO_32_BIT_CONVERSION = YES;
				GCC_WARN_ABOUT_RETURN_TYPE = YES_ERROR;
				GCC_WARN_UNDECLARED_SELECTOR = YES;
				GCC_WARN_UNINITIALIZED_AUTOS = YES_AGGRESSIVE;
				GCC_WARN_UNUSED_FUNCTION = YES;
				GCC_WARN_UNUSED_VARIABLE = YES;
				MACOSX_DEPLOYMENT_TARGET = 12.1;
				MTL_ENABLE_DEBUG_INFO = NO;
				MTL_FAST_MATH = YES;
				SDKROOT = macosx;
			};
			name = Release;
		};
		350CA8042918424500B07608 /* Debug */ = {
			isa = XCBuildConfiguration;
			buildSettings = {
				CODE_SIGN_STYLE = Automatic;
				PRODUCT_NAME = "$(TARGET_NAME)";
			};
			name = Debug;
		};
		350CA8052918424500B07608 /* Release */ = {
			isa = XCBuildConfiguration;
			buildSettings = {
				CODE_SIGN_STYLE = Automatic;
				PRODUCT_NAME = "$(TARGET_NAME)";
			};
			name = Release;
		};
/* End XCBuildConfiguration section */

/* Begin XCConfigurationList section */
		350CA7F72918424400B07608 /* Build configuration list for PBXProject "slang" */ = {
			isa = XCConfigurationList;
			buildConfigurations = (
				350CA8012918424500B07608 /* Debug */,
				350CA8022918424500B07608 /* Release */,
			);
			defaultConfigurationIsVisible = 0;
			defaultConfigurationName = Release;
		};
		350CA8032918424500B07608 /* Build configuration list for PBXNativeTarget "slang" */ = {
			isa = XCConfigurationList;
			buildConfigurations = (
				350CA8042918424500B07608 /* Debug */,
				350CA8052918424500B07608 /* Release */,
			);
			defaultConfigurationIsVisible = 0;
			defaultConfigurationName = Release;
		};
/* End XCConfigurationList section */
	};
	rootObject = 350CA7F42918424400B07608 /* Project object */;
}
